
Microsoft Visual Studio Solution File, Format Version 12.00
# Visual Studio Version 16
VisualStudioVersion = 16.0.30517.126
MinimumVisualStudioVersion = 10.0.40219.1
Project("{FAE04EC0-301F-11D3-BF4B-00C04F79EFBC}") = "Jansels-SE", "Jansels-SE.csproj", "{F6F79C67-02C1-4B03-BFCF-88EE4D8915E6}"
EndProject
Project("{FAE04EC0-301F-11D3-BF4B-00C04F79EFBC}") = "File Downloader", "..\File Downloader\File Downloader.csproj", "{75A92675-C009-4832-8061-D3205F208552}"
EndProject
Project("{FAE04EC0-301F-11D3-BF4B-00C04F79EFBC}") = "JanselUI DEV Preparer", "..\JanselUI DEV Preparer\JanselUI DEV Preparer.csproj", "{667D2B44-37D0-4E64-9713-4C049FA95DBD}"
EndProject
Global
	GlobalSection(SolutionConfigurationPlatforms) = preSolution
		Debug|Any CPU = Debug|Any CPU
		Release|Any CPU = Release|Any CPU
	EndGlobalSection
	GlobalSection(ProjectConfigurationPlatforms) = postSolution
		{F6F79C67-02C1-4B03-BFCF-88EE4D8915E6}.Debug|Any CPU.ActiveCfg = Debug|Any CPU
		{F6F79C67-02C1-4B03-BFCF-88EE4D8915E6}.Debug|Any CPU.Build.0 = Debug|Any CPU
		{F6F79C67-02C1-4B03-BFCF-88EE4D8915E6}.Release|Any CPU.ActiveCfg = Release|Any CPU
		{F6F79C67-02C1-4B03-BFCF-88EE4D8915E6}.Release|Any CPU.Build.0 = Release|Any CPU
		{75A92675-C009-4832-8061-D3205F208552}.Debug|Any CPU.ActiveCfg = Debug|Any CPU
		{75A92675-C009-4832-8061-D3205F208552}.Debug|Any CPU.Build.0 = Debug|Any CPU
		{75A92675-C009-4832-8061-D3205F208552}.Release|Any CPU.ActiveCfg = Release|Any CPU
		{75A92675-C009-4832-8061-D3205F208552}.Release|Any CPU.Build.0 = Release|Any CPU
		{667D2B44-37D0-4E64-9713-4C049FA95DBD}.Debug|Any CPU.ActiveCfg = Debug|Any CPU
		{667D2B44-37D0-4E64-9713-4C049FA95DBD}.Debug|Any CPU.Build.0 = Debug|Any CPU
		{667D2B44-37D0-4E64-9713-4C049FA95DBD}.Release|Any CPU.ActiveCfg = Release|Any CPU
		{667D2B44-37D0-4E64-9713-4C049FA95DBD}.Release|Any CPU.Build.0 = Release|Any CPU
	EndGlobalSection
	GlobalSection(SolutionProperties) = preSolution
		HideSolutionNode = FALSE
	EndGlobalSection
	GlobalSection(ExtensibilityGlobals) = postSolution
		SolutionGuid = {33850B50-1F49-4F44-832C-911CCB4E9DC4}
	EndGlobalSection
EndGlobal
