
Microsoft Visual Studio Solution File, Format Version 12.00
# Visual Studio Version 16
VisualStudioVersion = 16.0.30517.126
MinimumVisualStudioVersion = 10.0.40219.1
Project("{FAE04EC0-301F-11D3-BF4B-00C04F79EFBC}") = "Jansels-SE", "Jansels-SE.csproj", "{F6F79C67-02C1-4B03-BFCF-88EE4D8915E6}"
EndProject
Global
	GlobalSection(SolutionConfigurationPlatforms) = preSolution
		Debug|Any CPU = Debug|Any CPU
		Release|Any CPU = Release|Any CPU
	EndGlobalSection
	GlobalSection(ProjectConfigurationPlatforms) = postSolution
		{F6F79C67-02C1-4B03-BFCF-88EE4D8915E6}.Debug|Any CPU.ActiveCfg = Debug|Any CPU
		{F6F79C67-02C1-4B03-BFCF-88EE4D8915E6}.Debug|Any CPU.Build.0 = Debug|Any CPU
		{F6F79C67-02C1-4B03-BFCF-88EE4D8915E6}.Release|Any CPU.ActiveCfg = Release|Any CPU
		{F6F79C67-02C1-4B03-BFCF-88EE4D8915E6}.Release|Any CPU.Build.0 = Release|Any CPU
	EndGlobalSection
	GlobalSection(SolutionProperties) = preSolution
		HideSolutionNode = FALSE
	EndGlobalSection
	GlobalSection(ExtensibilityGlobals) = postSolution
		SolutionGuid = {33850B50-1F49-4F44-832C-911CCB4E9DC4}
	EndGlobalSection
EndGlobal
